{
  "lockfileVersion": 1,
  "configVersion": 1,
  "workspaces": {
    "": {
      "name": "@adaptive-ds/zitadel-cli",
      "dependencies": {
        "@bufbuild/protobuf": "^2.2.26",
        "@connectrpc/connect": "^2.0.2",
        "@connectrpc/connect-node": "^2.0.2",
        "@stricli/core": "^1.2.5",
        "oauth4webapi": "^3.8.7",
        "yaml": "^2.7.0",
      },
      "devDependencies": {
        "@biomejs/biome": "^2.5.2",
        "@bufbuild/buf": "1.69.0",
        "@bufbuild/protoc-gen-es": "2.14.0",
        "@connectrpc/protoc-gen-connect-es": "1.7.0",
        "@types/bun": "^1.3.13",
        "typescript": "^6.0.3",
      },
      "peerDependencies": {
        "@adaptive-ds/result": ">=0.4.0",
        "valibot": "^1.2.0",
      },
    },
  },
  "packages": {
    "@adaptive-ds/result": ["@adaptive-ds/result@0.6.0", "", { "peerDependencies": { "valibot": "^1.2.0" } }, "sha512-4N70Kfnyya4NG5AXgdtHlT7gkWbnIEElst+NV2D7vJkxfNeZvd5ustkByTQtjfWn5F6UiJBef1S1g4Fi9mrzNA=="],

    "@biomejs/biome": ["@biomejs/biome@2.5.8", "", { "optionalDependencies": { "@biomejs/cli-darwin-arm64": "2.5.8", "@biomejs/cli-darwin-x64": "2.5.8", "@biomejs/cli-linux-arm64": "2.5.8", "@biomejs/cli-linux-arm64-musl": "2.5.8", "@biomejs/cli-linux-x64": "2.5.8", "@biomejs/cli-linux-x64-musl": "2.5.8", "@biomejs/cli-win32-arm64": "2.5.8", "@biomejs/cli-win32-x64": "2.5.8" }, "bin": { "biome": "bin/biome" } }, "sha512-aeAeeJB9fSDc7Gq+2GqpQxA0qBj6gj1k2R6L1cYqGePKP/baIq1WX8y6B+D+nRsO5ViQL22K/8IwbqERW0q1nw=="],

    "@biomejs/cli-darwin-arm64": ["@biomejs/cli-darwin-arm64@2.5.8", "", { "os": "darwin", "cpu": "arm64" }, "sha512-mk1QON9PHllvvLN5gU3f4rMxeh4syK5p9OvKyWH6/W8ueh04uaC8TUXXByhGufWf/y5mQc03ZLM45zU+cmqMjA=="],

    "@biomejs/cli-darwin-x64": ["@biomejs/cli-darwin-x64@2.5.8", "", { "os": "darwin", "cpu": "x64" }, "sha512-bsGwFMBNyHPyiLSsQcZJxdoRrg1V4JL+d7wEsvUBczlP9U9lwM+7mzQHxI4o1mhBsTmdOBbAb6fHU3Z3snN45w=="],

    "@biomejs/cli-linux-arm64": ["@biomejs/cli-linux-arm64@2.5.8", "", { "os": "linux", "cpu": "arm64" }, "sha512-XmFiA0WPYFC+uiUDC8WRFzAIH9bo7vwQLav38Uoq4ETC+T/+uBi0TsYGJECkugY3r8USl3jc+Ae2/irAF6F2lQ=="],

    "@biomejs/cli-linux-arm64-musl": ["@biomejs/cli-linux-arm64-musl@2.5.8", "", { "os": "linux", "cpu": "arm64" }, "sha512-VcJNbstduTHx83NGAdhp78/JOcP45BZHXL7yNsfI1uGzdUgegAz2s+mSoT7wK6PBNzLoqG0zDOXaz/RQYVtSiw=="],

    "@biomejs/cli-linux-x64": ["@biomejs/cli-linux-x64@2.5.8", "", { "os": "linux", "cpu": "x64" }, "sha512-S5wcm9OBDvLHodD4PUaN488hCpco9QD/9ZxuYJiw4euWtr/oQvLR72z2ixItH8Wd5BCm6FZaeb+YNvOoM1xHtQ=="],

    "@biomejs/cli-linux-x64-musl": ["@biomejs/cli-linux-x64-musl@2.5.8", "", { "os": "linux", "cpu": "x64" }, "sha512-kKmiyokeISRGq2FLwvr+TzsgBusfxaZ0FZNLcOYOpCK/78tRrEjeEBLvq3xLZMpqbANgJdRPI7vZX8ZL37u9/w=="],

    "@biomejs/cli-win32-arm64": ["@biomejs/cli-win32-arm64@2.5.8", "", { "os": "win32", "cpu": "arm64" }, "sha512-nILH0mzm3Hi3iEdd7o7GpB8kBR/mSQwfQG/tyBqyNrY2GFtcgwfV9nV8xLmbtUpMNY/Oi0Ml1XgfR4flOdq+AA=="],

    "@biomejs/cli-win32-x64": ["@biomejs/cli-win32-x64@2.5.8", "", { "os": "win32", "cpu": "x64" }, "sha512-I2czzXTY61f3nFJxXoMDq80t7MivxDEnCjE+8sDKoFfcKMaoQdkqhIFQ3KyY0XLzeSpUBYeNAXgD+iOV/BU0VA=="],

    "@bufbuild/buf": ["@bufbuild/buf@1.69.0", "", { "optionalDependencies": { "@bufbuild/buf-darwin-arm64": "1.69.0", "@bufbuild/buf-darwin-x64": "1.69.0", "@bufbuild/buf-linux-aarch64": "1.69.0", "@bufbuild/buf-linux-armv7": "1.69.0", "@bufbuild/buf-linux-x64": "1.69.0", "@bufbuild/buf-win32-arm64": "1.69.0", "@bufbuild/buf-win32-x64": "1.69.0" }, "bin": { "buf": "bin/buf", "protoc-gen-buf-lint": "bin/protoc-gen-buf-lint", "protoc-gen-buf-breaking": "bin/protoc-gen-buf-breaking" } }, "sha512-hWk7cW6Z/7g6jpybePaf15QUUFd2+s4lJCeaAkBeo3tWPGoSgNJaJdMqIUy2y99uYy4yMjq9GYmjc5dSrfIn5A=="],

    "@bufbuild/buf-darwin-arm64": ["@bufbuild/buf-darwin-arm64@1.69.0", "", { "os": "darwin", "cpu": "arm64" }, "sha512-q7086l1PRS0fUn/IYef7WUAq5PEPIxCh3AVZZdObdOAA9C77ES7CYBSTWH3oEJHVElv1KPVVqvGmOC+G78HuXg=="],

    "@bufbuild/buf-darwin-x64": ["@bufbuild/buf-darwin-x64@1.69.0", "", { "os": "darwin", "cpu": "x64" }, "sha512-ihM+lr0tahgLVbQvp5jhYS6T1cpydEX3TbJvAfePLJBCTrsXFMwKt1WIDjpSHIPHQABcqL9BuNnbs8r1+7E1MA=="],

    "@bufbuild/buf-linux-aarch64": ["@bufbuild/buf-linux-aarch64@1.69.0", "", { "os": "linux", "cpu": "arm64" }, "sha512-4twJF1ehcPRBvgA2g2yIG/3ViZ3SrElqCqGjXHp+U4RfjHV249j8kzVj08mvI1t0kv8Rbm8JECYqkxcYnKyuRA=="],

    "@bufbuild/buf-linux-armv7": ["@bufbuild/buf-linux-armv7@1.69.0", "", { "os": "linux", "cpu": "arm" }, "sha512-zfbYrfPjOBp1Dxj+9avW05NWzGwLUTInfslhgWVbq61DYLegX6UW12hVk5xS/C5D0IlfIDfJUXEeTsHImigQTQ=="],

    "@bufbuild/buf-linux-x64": ["@bufbuild/buf-linux-x64@1.69.0", "", { "os": "linux", "cpu": "x64" }, "sha512-mt/hJesHK62TlsSJPwBpRIC/OzWTlgaRmyjC8QF+T6+IbFwiwz1E3ZBCfNECEa2HW4ma8HbugpJyCBbUSA+z/Q=="],

    "@bufbuild/buf-win32-arm64": ["@bufbuild/buf-win32-arm64@1.69.0", "", { "os": "win32", "cpu": "arm64" }, "sha512-IlMSIdCWvllwenbLlrWEH2YHQwCqmONKZYv4MXj56v6TvCWCTbYlaF5ZFP+xFAHToHp1OrFc+rwUqCt7ElBbHg=="],

    "@bufbuild/buf-win32-x64": ["@bufbuild/buf-win32-x64@1.69.0", "", { "os": "win32", "cpu": "x64" }, "sha512-wpKZLXUF/w85g4ZL9XqQqm33cfw2NRjiidSX5EVFMx4rDp7cnAUv3+PTwZvEPriqJEihnOJ5JCozsxjiWqSX7Q=="],

    "@bufbuild/protobuf": ["@bufbuild/protobuf@2.14.0", "", {}, "sha512-C3UGsiCwSprE2NKIIFA3hCDlpXTMCAXRZuEVp88L1GY36Y41+rYL5fryE+nOFhp4p4JPQvdV8PQ4DWgHgeTE+w=="],

    "@bufbuild/protoc-gen-es": ["@bufbuild/protoc-gen-es@2.14.0", "", { "dependencies": { "@bufbuild/protobuf": "2.14.0", "@bufbuild/protoplugin": "2.14.0" }, "bin": { "protoc-gen-es": "bin/protoc-gen-es" } }, "sha512-/Rrui0BJWSRONiKGYzqWq9ivGN3+cYkmc47QWITufr7K6yDb8HfssuJUSQZeptyg/rHbHrfDzCUjzoJ2pwuafg=="],

    "@bufbuild/protoplugin": ["@bufbuild/protoplugin@2.14.0", "", { "dependencies": { "@bufbuild/protobuf": "2.14.0", "@typescript/vfs": "^1.6.2", "typescript": "5.4.5" } }, "sha512-S0TvZhVtTEkZQRj2JsXBCXiib/b0+bLQtJCcn+hj9O/usgbcgxHn4D+ii22Ao3qj0/kKxVYeo7BtAI2dMk+iig=="],

    "@connectrpc/connect": ["@connectrpc/connect@2.1.2", "", { "peerDependencies": { "@bufbuild/protobuf": "^2.7.0" } }, "sha512-MXkBijtcX09R10Eb6sFeIetc6w6746eio6xtfuyVOH7oQAacT1X0GzMIQFux6Qy8cq3W/T5qX5Bei8YbFtmRGA=="],

    "@connectrpc/connect-node": ["@connectrpc/connect-node@2.1.2", "", { "peerDependencies": { "@bufbuild/protobuf": "^2.7.0", "@connectrpc/connect": "2.1.2" } }, "sha512-+i/aAOpsI8sIx1mbYp6d99zvxaUSF6t/jP9Ux9maAmjsZPgmIQ3JuIeYi0zJIP9zlCnBlJjkpPosshCgdRuThQ=="],

    "@connectrpc/protoc-gen-connect-es": ["@connectrpc/protoc-gen-connect-es@1.7.0", "", { "dependencies": { "@bufbuild/protobuf": "^1.10.0", "@bufbuild/protoplugin": "^1.10.0" }, "peerDependencies": { "@bufbuild/protoc-gen-es": "^1.10.0", "@connectrpc/connect": "1.7.0" }, "optionalPeers": ["@bufbuild/protoc-gen-es", "@connectrpc/connect"], "bin": { "protoc-gen-connect-es": "bin/protoc-gen-connect-es" } }, "sha512-g2rE799dxGgXtwSTBOJoSlzCy3HN0IX/Es8uKsCgXRmco8o277/bb5nz1X8TmvBooCBGNdtEdUDG50olcvS9jQ=="],

    "@stricli/core": ["@stricli/core@1.3.0", "", {}, "sha512-LnBe2HntygaLDU5trtjiC3J4C/YkmIZuM0XB52IF4qaLqJH09kgD1fnZiS2gaYUnt0nAN2a+1b4PSOBcfPrN4Q=="],

    "@types/bun": ["@types/bun@1.3.14", "", { "dependencies": { "bun-types": "1.3.14" } }, "sha512-h1hFqFVcvAvD9j9K7ZW7vd82aSA+rTdznZa+5bwvCwqSB1jmmfLcbIWhOLx1/+boy/xmjgCs/OMUL8hRJSmnPw=="],

    "@types/node": ["@types/node@26.2.0", "", { "dependencies": { "undici-types": "~8.3.0" } }, "sha512-5IviulTZeRNp2vAJ514cc/HUlY5nZ9fCbq9DMyC52BrhFZACo3nI0R7qBxhQmo/d27NFe96ur/b7Wwxklda+kg=="],

    "@typescript/vfs": ["@typescript/vfs@1.6.4", "", { "dependencies": { "debug": "^4.4.3" }, "peerDependencies": { "typescript": "*" } }, "sha512-PJFXFS4ZJKiJ9Qiuix6Dz/OwEIqHD7Dme1UwZhTK11vR+5dqW2ACbdndWQexBzCx+CPuMe5WBYQWCsFyGlQLlQ=="],

    "bun-types": ["bun-types@1.3.14", "", { "dependencies": { "@types/node": "*" } }, "sha512-4N0ig0fEomHt5R0KCFWjovxow98rIoRwKolrYdCcknNwMekCXRnWEUvgu5soYV8QXtVsrUD8B95MBOZGPvr6KQ=="],

    "debug": ["debug@4.4.3", "", { "dependencies": { "ms": "^2.1.3" }, "peerDependencies": { "supports-color": "*" }, "optionalPeers": ["supports-color"] }, "sha512-RGwwWnwQvkVfavKVt22FGLw+xYSdzARwm0ru6DhTVA3umU5hZc28V3kO4stgYryrTlLpuvgI9GiijltAjNbcqA=="],

    "ms": ["ms@2.1.3", "", {}, "sha512-6FlzubTLZG3J2a/NVCAleEhjzq5oxgHyaCU9yYXvcLsvoVaHJq/s5xXI6/XXP6tz7R9xAOtHnSO/tXtF3WRTlA=="],

    "oauth4webapi": ["oauth4webapi@3.8.7", "", {}, "sha512-4RxcKxXjuItDFZ20RRPf4YTw3kpeXJyCgJFxVzJ068A7PNJ18st2Dg90tlC1LkSDS0GecroagCLHYEIVUhCAkw=="],

    "typescript": ["typescript@6.0.3", "", { "bin": { "tsc": "bin/tsc", "tsserver": "bin/tsserver" } }, "sha512-y2TvuxSZPDyQakkFRPZHKFm+KKVqIisdg9/CZwm9ftvKXLP8NRWj38/ODjNbr43SsoXqNuAisEf1GdCxqWcdBw=="],

    "undici-types": ["undici-types@8.3.0", "", {}, "sha512-j375ScV60dom+YkPFIfTLcOiPxkN/buHz5GobjLhixFuANaNs3C9l4GmrWqejgXWJ7BbJcFYpTEUkS1Ge8bpZQ=="],

    "valibot": ["valibot@1.4.2", "", { "peerDependencies": { "typescript": ">=5" }, "optionalPeers": ["typescript"] }, "sha512-gjdCvJ6d3RyHAneqxMYMW9QMCwYMb3jpOO0IyHZV1bnRHFBHrX3VkIILt5XYR0WhwHiH7Mty8ovuPZ/O3gamrg=="],

    "yaml": ["yaml@2.9.0", "", { "bin": { "yaml": "bin.mjs" } }, "sha512-2AvhNX3mb8zd6Zy7INTtSpl1F15HW6Wnqj0srWlkKLcpYl/gMIMJiyuGq2KeI2YFxUPjdlB+3Lc10seMLtL4cA=="],

    "@bufbuild/protoplugin/typescript": ["typescript@5.4.5", "", { "bin": { "tsc": "bin/tsc", "tsserver": "bin/tsserver" } }, "sha512-vcI4UpRgg81oIRUFwR0WSIHKt11nJ7SAVlYNIu+QpqeyXP+gpQJy/Z4+F0aGxSE4MqwjyXvW/TzgkLAx2AGHwQ=="],

    "@connectrpc/protoc-gen-connect-es/@bufbuild/protobuf": ["@bufbuild/protobuf@1.10.1", "", {}, "sha512-wJ8ReQbHxsAfXhrf9ixl0aYbZorRuOWpBNzm8pL8ftmSxQx/wnJD5Eg861NwJU/czy2VXFIebCeZnZrI9rktIQ=="],

    "@connectrpc/protoc-gen-connect-es/@bufbuild/protoplugin": ["@bufbuild/protoplugin@1.10.1", "", { "dependencies": { "@bufbuild/protobuf": "1.10.1", "@typescript/vfs": "^1.4.0", "typescript": "4.5.2" } }, "sha512-LaSbfwabAFIvbVnbn8jWwElRoffCIxhVraO8arliVwWupWezHLXgqPHEYLXZY/SsAR+/YsFBQJa8tAGtNPJyaQ=="],

    "@connectrpc/protoc-gen-connect-es/@bufbuild/protoplugin/typescript": ["typescript@4.5.2", "", { "bin": { "tsc": "bin/tsc", "tsserver": "bin/tsserver" } }, "sha512-5BlMof9H1yGt0P8/WF+wPNw6GfctgGjXp5hkblpyT+8rkASSmkUKMXrxR0Xg8ThVCi/JnHQiKXeBaEwCeQwMFw=="],
  }
}
